
Microsoft Visual Studio Solution File, Format Version 12.00
# Visual Studio Version 16
VisualStudioVersion = 16.0.29905.134
MinimumVisualStudioVersion = 10.0.40219.1
Project("{FAE04EC0-301F-11D3-BF4B-00C04F79EFBC}") = "Practise11", "Practise11\Practise11.csproj", "{554181FA-02CC-4688-A914-2B87DC647DB4}"
EndProject
Global
	GlobalSection(SolutionConfigurationPlatforms) = preSolution
		Debug|Any CPU = Debug|Any CPU
		Release|Any CPU = Release|Any CPU
	EndGlobalSection
	GlobalSection(ProjectConfigurationPlatforms) = postSolution
		{554181FA-02CC-4688-A914-2B87DC647DB4}.Debug|Any CPU.ActiveCfg = Debug|Any CPU
		{554181FA-02CC-4688-A914-2B87DC647DB4}.Debug|Any CPU.Build.0 = Debug|Any CPU
		{554181FA-02CC-4688-A914-2B87DC647DB4}.Release|Any CPU.ActiveCfg = Release|Any CPU
		{554181FA-02CC-4688-A914-2B87DC647DB4}.Release|Any CPU.Build.0 = Release|Any CPU
	EndGlobalSection
	GlobalSection(SolutionProperties) = preSolution
		HideSolutionNode = FALSE
	EndGlobalSection
	GlobalSection(ExtensibilityGlobals) = postSolution
		SolutionGuid = {B305E7D6-6652-4064-9A47-C4D07C77518A}
	EndGlobalSection
EndGlobal
